// !$*UTF8*$!
{
	archiveVersion = 1;
	classes = {
	};
	objectVersion = 50;
	objects = {

/* Begin PBXBuildFile section */
		989F050320DD39A3008694CC /* AppDelegate.swift in Sources */ = {isa = PBXBuildFile; fileRef = 989F050220DD39A3008694CC /* AppDelegate.swift */; };
		989F050520DD39A3008694CC /* ViewController.swift in Sources */ = {isa = PBXBuildFile; fileRef = 989F050420DD39A3008694CC /* ViewController.swift */; };
		989F050820DD39A3008694CC /* Main.storyboard in Resources */ = {isa = PBXBuildFile; fileRef = 989F050620DD39A3008694CC /* Main.storyboard */; };
		989F050A20DD39A4008694CC /* Assets.xcassets in Resources */ = {isa = PBXBuildFile; fileRef = 989F050920DD39A4008694CC /* Assets.xcassets */; };
		989F050D20DD39A4008694CC /* LaunchScreen.storyboard in Resources */ = {isa = PBXBuildFile; fileRef = 989F050B20DD39A4008694CC /* LaunchScreen.storyboard */; };
		989F051820DD39A4008694CC /* RetroCalculatorTests.swift in Sources */ = {isa = PBXBuildFile; fileRef = 989F051720DD39A4008694CC /* RetroCalculatorTests.swift */; };
		989F052320DD39A4008694CC /* RetroCalculatorUITests.swift in Sources */ = {isa = PBXBuildFile; fileRef = 989F052220DD39A4008694CC /* RetroCalculatorUITests.swift */; };
		989F053120DD4BC9008694CC /* Minecraft.ttf in Resources */ = {isa = PBXBuildFile; fileRef = 989F053020DD4BC8008694CC /* Minecraft.ttf */; };
		989F053320DD4C74008694CC /* btn.wav in Resources */ = {isa = PBXBuildFile; fileRef = 989F053220DD4C74008694CC /* btn.wav */; };
/* End PBXBuildFile section */

/* Begin PBXContainerItemProxy section */
		989F051420DD39A4008694CC /* PBXContainerItemProxy */ = {
			isa = PBXContainerItemProxy;
			containerPortal = 989F04F720DD39A3008694CC /* Project object */;
			proxyType = 1;
			remoteGlobalIDString = 989F04FE20DD39A3008694CC;
			remoteInfo = RetroCalculator;
		};
		989F051F20DD39A4008694CC /* PBXContainerItemProxy */ = {
			isa = PBXContainerItemProxy;
			containerPortal = 989F04F720DD39A3008694CC /* Project object */;
			proxyType = 1;
			remoteGlobalIDString = 989F04FE20DD39A3008694CC;
			remoteInfo = RetroCalculator;
		};
/* End PBXContainerItemProxy section */

/* Begin PBXFileReference section */
		989F04FF20DD39A3008694CC /* RetroCalculator.app */ = {isa = PBXFileReference; explicitFileType = wrapper.application; includeInIndex = 0; path = RetroCalculator.app; sourceTree = BUILT_PRODUCTS_DIR; };
		989F050220DD39A3008694CC /* AppDelegate.swift */ = {isa = PBXFileReference; lastKnownFileType = sourcecode.swift; path = AppDelegate.swift; sourceTree = "<group>"; };
		989F050420DD39A3008694CC /* ViewController.swift */ = {isa = PBXFileReference; lastKnownFileType = sourcecode.swift; path = ViewController.swift; sourceTree = "<group>"; };
		989F050720DD39A3008694CC /* Base */ = {isa = PBXFileReference; lastKnownFileType = file.storyboard; name = Base; path = Base.lproj/Main.storyboard; sourceTree = "<group>"; };
		989F050920DD39A4008694CC /* Assets.xcassets */ = {isa = PBXFileReference; lastKnownFileType = folder.assetcatalog; path = Assets.xcassets; sourceTree = "<group>"; };
		989F050C20DD39A4008694CC /* Base */ = {isa = PBXFileReference; lastKnownFileType = file.storyboard; name = Base; path = Base.lproj/LaunchScreen.storyboard; sourceTree = "<group>"; };
		989F050E20DD39A4008694CC /* Info.plist */ = {isa = PBXFileReference; lastKnownFileType = text.plist.xml; path = Info.plist; sourceTree = "<group>"; };
		989F051320DD39A4008694CC /* RetroCalculatorTests.xctest */ = {isa = PBXFileReference; explicitFileType = wrapper.cfbundle; includeInIndex = 0; path = RetroCalculatorTests.xctest; sourceTree = BUILT_PRODUCTS_DIR; };
		989F051720DD39A4008694CC /* RetroCalculatorTests.swift */ = {isa = PBXFileReference; lastKnownFileType = sourcecode.swift; path = RetroCalculatorTests.swift; sourceTree = "<group>"; };
		989F051920DD39A4008694CC /* Info.plist */ = {isa = PBXFileReference; lastKnownFileType = text.plist.xml; path = Info.plist; sourceTree = "<group>"; };
		989F051E20DD39A4008694CC /* RetroCalculatorUITests.xctest */ = {isa = PBXFileReference; explicitFileType = wrapper.cfbundle; includeInIndex = 0; path = RetroCalculatorUITests.xctest; sourceTree = BUILT_PRODUCTS_DIR; };
		989F052220DD39A4008694CC /* RetroCalculatorUITests.swift */ = {isa = PBXFileReference; lastKnownFileType = sourcecode.swift; path = RetroCalculatorUITests.swift; sourceTree = "<group>"; };
		989F052420DD39A4008694CC /* Info.plist */ = {isa = PBXFileReference; lastKnownFileType = text.plist.xml; path = Info.plist; sourceTree = "<group>"; };
		989F053020DD4BC8008694CC /* Minecraft.ttf */ = {isa = PBXFileReference; lastKnownFileType = file; path = Minecraft.ttf; sourceTree = "<group>"; };
		989F053220DD4C74008694CC /* btn.wav */ = {isa = PBXFileReference; lastKnownFileType = audio.wav; path = btn.wav; sourceTree = "<group>"; };
/* End PBXFileReference section */

/* Begin PBXFrameworksBuildPhase section */
		989F04FC20DD39A3008694CC /* Frameworks */ = {
			isa = PBXFrameworksBuildPhase;
			buildActionMask = 2147483647;
			files = (
			);
			runOnlyForDeploymentPostprocessing = 0;
		};
		989F051020DD39A4008694CC /* Frameworks */ = {
			isa = PBXFrameworksBuildPhase;
			buildActionMask = 2147483647;
			files = (
			);
			runOnlyForDeploymentPostprocessing = 0;
		};
		989F051B20DD39A4008694CC /* Frameworks */ = {
			isa = PBXFrameworksBuildPhase;
			buildActionMask = 2147483647;
			files = (
			);
			runOnlyForDeploymentPostprocessing = 0;
		};
/* End PBXFrameworksBuildPhase section */

/* Begin PBXGroup section */
		989F04F620DD39A3008694CC = {
			isa = PBXGroup;
			children = (
				989F050120DD39A3008694CC /* RetroCalculator */,
				989F051620DD39A4008694CC /* RetroCalculatorTests */,
				989F052120DD39A4008694CC /* RetroCalculatorUITests */,
				989F050020DD39A3008694CC /* Products */,
			);
			sourceTree = "<group>";
		};
		989F050020DD39A3008694CC /* Products */ = {
			isa = PBXGroup;
			children = (
				989F04FF20DD39A3008694CC /* RetroCalculator.app */,
				989F051320DD39A4008694CC /* RetroCalculatorTests.xctest */,
				989F051E20DD39A4008694CC /* RetroCalculatorUITests.xctest */,
			);
			name = Products;
			sourceTree = "<group>";
		};
		989F050120DD39A3008694CC /* RetroCalculator */ = {
			isa = PBXGroup;
			children = (
				989F053020DD4BC8008694CC /* Minecraft.ttf */,
				989F053220DD4C74008694CC /* btn.wav */,
				989F050220DD39A3008694CC /* AppDelegate.swift */,
				989F050420DD39A3008694CC /* ViewController.swift */,
				989F050620DD39A3008694CC /* Main.storyboard */,
				989F050920DD39A4008694CC /* Assets.xcassets */,
				989F050B20DD39A4008694CC /* LaunchScreen.storyboard */,
				989F050E20DD39A4008694CC /* Info.plist */,
			);
			path = RetroCalculator;
			sourceTree = "<group>";
		};
		989F051620DD39A4008694CC /* RetroCalculatorTests */ = {
			isa = PBXGroup;
			children = (
				989F051720DD39A4008694CC /* RetroCalculatorTests.swift */,
				989F051920DD39A4008694CC /* Info.plist */,
			);
			path = RetroCalculatorTests;
			sourceTree = "<group>";
		};
		989F052120DD39A4008694CC /* RetroCalculatorUITests */ = {
			isa = PBXGroup;
			children = (
				989F052220DD39A4008694CC /* RetroCalculatorUITests.swift */,
				989F052420DD39A4008694CC /* Info.plist */,
			);
			path = RetroCalculatorUITests;
			sourceTree = "<group>";
		};
/* End PBXGroup section */

/* Begin PBXNativeTarget section */
		989F04FE20DD39A3008694CC /* RetroCalculator */ = {
			isa = PBXNativeTarget;
			buildConfigurationList = 989F052720DD39A4008694CC /* Build configuration list for PBXNativeTarget "RetroCalculator" */;
			buildPhases = (
				989F04FB20DD39A3008694CC /* Sources */,
				989F04FC20DD39A3008694CC /* Frameworks */,
				989F04FD20DD39A3008694CC /* Resources */,
			);
			buildRules = (
			);
			dependencies = (
			);
			name = RetroCalculator;
			productName = RetroCalculator;
			productReference = 989F04FF20DD39A3008694CC /* RetroCalculator.app */;
			productType = "com.apple.product-type.application";
		};
		989F051220DD39A4008694CC /* RetroCalculatorTests */ = {
			isa = PBXNativeTarget;
			buildConfigurationList = 989F052A20DD39A4008694CC /* Build configuration list for PBXNativeTarget "RetroCalculatorTests" */;
			buildPhases = (
				989F050F20DD39A4008694CC /* Sources */,
				989F051020DD39A4008694CC /* Frameworks */,
				989F051120DD39A4008694CC /* Resources */,
			);
			buildRules = (
			);
			dependencies = (
				989F051520DD39A4008694CC /* PBXTargetDependency */,
			);
			name = RetroCalculatorTests;
			productName = RetroCalculatorTests;
			productReference = 989F051320DD39A4008694CC /* RetroCalculatorTests.xctest */;
			productType = "com.apple.product-type.bundle.unit-test";
		};
		989F051D20DD39A4008694CC /* RetroCalculatorUITests */ = {
			isa = PBXNativeTarget;
			buildConfigurationList = 989F052D20DD39A4008694CC /* Build configuration list for PBXNativeTarget "RetroCalculatorUITests" */;
			buildPhases = (
				989F051A20DD39A4008694CC /* Sources */,
				989F051B20DD39A4008694CC /* Frameworks */,
				989F051C20DD39A4008694CC /* Resources */,
			);
			buildRules = (
			);
			dependencies = (
				989F052020DD39A4008694CC /* PBXTargetDependency */,
			);
			name = RetroCalculatorUITests;
			productName = RetroCalculatorUITests;
			productReference = 989F051E20DD39A4008694CC /* RetroCalculatorUITests.xctest */;
			productType = "com.apple.product-type.bundle.ui-testing";
		};
/* End PBXNativeTarget section */

/* Begin PBXProject section */
		989F04F720DD39A3008694CC /* Project object */ = {
			isa = PBXProject;
			attributes = {
				LastSwiftUpdateCheck = 0940;
				LastUpgradeCheck = 0940;
				ORGANIZATIONNAME = "Steven Lattenhauer 2nd";
				TargetAttributes = {
					989F04FE20DD39A3008694CC = {
						CreatedOnToolsVersion = 9.4.1;
					};
					989F051220DD39A4008694CC = {
						CreatedOnToolsVersion = 9.4.1;
						TestTargetID = 989F04FE20DD39A3008694CC;
					};
					989F051D20DD39A4008694CC = {
						CreatedOnToolsVersion = 9.4.1;
						TestTargetID = 989F04FE20DD39A3008694CC;
					};
				};
			};
			buildConfigurationList = 989F04FA20DD39A3008694CC /* Build configuration list for PBXProject "RetroCalculator" */;
			compatibilityVersion = "Xcode 9.3";
			developmentRegion = en;
			hasScannedForEncodings = 0;
			knownRegions = (
				en,
				Base,
			);
			mainGroup = 989F04F620DD39A3008694CC;
			productRefGroup = 989F050020DD39A3008694CC /* Products */;
			projectDirPath = "";
			projectRoot = "";
			targets = (
				989F04FE20DD39A3008694CC /* RetroCalculator */,
				989F051220DD39A4008694CC /* RetroCalculatorTests */,
				989F051D20DD39A4008694CC /* RetroCalculatorUITests */,
			);
		};
/* End PBXProject section */

/* Begin PBXResourcesBuildPhase section */
		989F04FD20DD39A3008694CC /* Resources */ = {
			isa = PBXResourcesBuildPhase;
			buildActionMask = 2147483647;
			files = (
				989F053320DD4C74008694CC /* btn.wav in Resources */,
				989F050D20DD39A4008694CC /* LaunchScreen.storyboard in Resources */,
				989F050A20DD39A4008694CC /* Assets.xcassets in Resources */,
				989F053120DD4BC9008694CC /* Minecraft.ttf in Resources */,
				989F050820DD39A3008694CC /* Main.storyboard in Resources */,
			);
			runOnlyForDeploymentPostprocessing = 0;
		};
		989F051120DD39A4008694CC /* Resources */ = {
			isa = PBXResourcesBuildPhase;
			buildActionMask = 2147483647;
			files = (
			);
			runOnlyForDeploymentPostprocessing = 0;
		};
		989F051C20DD39A4008694CC /* Resources */ = {
			isa = PBXResourcesBuildPhase;
			buildActionMask = 2147483647;
			files = (
			);
			runOnlyForDeploymentPostprocessing = 0;
		};
/* End PBXResourcesBuildPhase section */

/* Begin PBXSourcesBuildPhase section */
		989F04FB20DD39A3008694CC /* Sources */ = {
			isa = PBXSourcesBuildPhase;
			buildActionMask = 2147483647;
			files = (
				989F050520DD39A3008694CC /* ViewController.swift in Sources */,
				989F050320DD39A3008694CC /* AppDelegate.swift in Sources */,
			);
			runOnlyForDeploymentPostprocessing = 0;
		};
		989F050F20DD39A4008694CC /* Sources */ = {
			isa = PBXSourcesBuildPhase;
			buildActionMask = 2147483647;
			files = (
				989F051820DD39A4008694CC /* RetroCalculatorTests.swift in Sources */,
			);
			runOnlyForDeploymentPostprocessing = 0;
		};
		989F051A20DD39A4008694CC /* Sources */ = {
			isa = PBXSourcesBuildPhase;
			buildActionMask = 2147483647;
			files = (
				989F052320DD39A4008694CC /* RetroCalculatorUITests.swift in Sources */,
			);
			runOnlyForDeploymentPostprocessing = 0;
		};
/* End PBXSourcesBuildPhase section */

/* Begin PBXTargetDependency section */
		989F051520DD39A4008694CC /* PBXTargetDependency */ = {
			isa = PBXTargetDependency;
			target = 989F04FE20DD39A3008694CC /* RetroCalculator */;
			targetProxy = 989F051420DD39A4008694CC /* PBXContainerItemProxy */;
		};
		989F052020DD39A4008694CC /* PBXTargetDependency */ = {
			isa = PBXTargetDependency;
			target = 989F04FE20DD39A3008694CC /* RetroCalculator */;
			targetProxy = 989F051F20DD39A4008694CC /* PBXContainerItemProxy */;
		};
/* End PBXTargetDependency section */

/* Begin PBXVariantGroup section */
		989F050620DD39A3008694CC /* Main.storyboard */ = {
			isa = PBXVariantGroup;
			children = (
				989F050720DD39A3008694CC /* Base */,
			);
			name = Main.storyboard;
			sourceTree = "<group>";
		};
		989F050B20DD39A4008694CC /* LaunchScreen.storyboard */ = {
			isa = PBXVariantGroup;
			children = (
				989F050C20DD39A4008694CC /* Base */,
			);
			name = LaunchScreen.storyboard;
			sourceTree = "<group>";
		};
/* End PBXVariantGroup section */

/* Begin XCBuildConfiguration section */
		989F052520DD39A4008694CC /* Debug */ = {
			isa = XCBuildConfiguration;
			buildSettings = {
				ALWAYS_SEARCH_USER_PATHS = NO;
				CLANG_ANALYZER_NONNULL = YES;
				CLANG_ANALYZER_NUMBER_OBJECT_CONVERSION = YES_AGGRESSIVE;
				CLANG_CXX_LANGUAGE_STANDARD = "gnu++14";
				CLANG_CXX_LIBRARY = "libc++";
				CLANG_ENABLE_MODULES = YES;
				CLANG_ENABLE_OBJC_ARC = YES;
				CLANG_ENABLE_OBJC_WEAK = YES;
				CLANG_WARN_BLOCK_CAPTURE_AUTORELEASING = YES;
				CLANG_WARN_BOOL_CONVERSION = YES;
				CLANG_WARN_COMMA = YES;
				CLANG_WARN_CONSTANT_CONVERSION = YES;
				CLANG_WARN_DEPRECATED_OBJC_IMPLEMENTATIONS = YES;
				CLANG_WARN_DIRECT_OBJC_ISA_USAGE = YES_ERROR;
				CLANG_WARN_DOCUMENTATION_COMMENTS = YES;
				CLANG_WARN_EMPTY_BODY = YES;
				CLANG_WARN_ENUM_CONVERSION = YES;
				CLANG_WARN_INFINITE_RECURSION = YES;
				CLANG_WARN_INT_CONVERSION = YES;
				CLANG_WARN_NON_LITERAL_NULL_CONVERSION = YES;
				CLANG_WARN_OBJC_IMPLICIT_RETAIN_SELF = YES;
				CLANG_WARN_OBJC_LITERAL_CONVERSION = YES;
				CLANG_WARN_OBJC_ROOT_CLASS = YES_ERROR;
				CLANG_WARN_RANGE_LOOP_ANALYSIS = YES;
				CLANG_WARN_STRICT_PROTOTYPES = YES;
				CLANG_WARN_SUSPICIOUS_MOVE = YES;
				CLANG_WARN_UNGUARDED_AVAILABILITY = YES_AGGRESSIVE;
				CLANG_WARN_UNREACHABLE_CODE = YES;
				CLANG_WARN__DUPLICATE_METHOD_MATCH = YES;
				CODE_SIGN_IDENTITY = "iPhone Developer";
				COPY_PHASE_STRIP = NO;
				DEBUG_INFORMATION_FORMAT = dwarf;
				ENABLE_STRICT_OBJC_MSGSEND = YES;
				ENABLE_TESTABILITY = YES;
				GCC_C_LANGUAGE_STANDARD = gnu11;
				GCC_DYNAMIC_NO_PIC = NO;
				GCC_NO_COMMON_BLOCKS = YES;
				GCC_OPTIMIZATION_LEVEL = 0;
				GCC_PREPROCESSOR_DEFINITIONS = (
					"DEBUG=1",
					"$(inherited)",
				);
				GCC_WARN_64_TO_32_BIT_CONVERSION = YES;
				GCC_WARN_ABOUT_RETURN_TYPE = YES_ERROR;
				GCC_WARN_UNDECLARED_SELECTOR = YES;
				GCC_WARN_UNINITIALIZED_AUTOS = YES_AGGRESSIVE;
				GCC_WARN_UNUSED_FUNCTION = YES;
				GCC_WARN_UNUSED_VARIABLE = YES;
				IPHONEOS_DEPLOYMENT_TARGET = 11.4;
				MTL_ENABLE_DEBUG_INFO = YES;
				ONLY_ACTIVE_ARCH = YES;
				SDKROOT = iphoneos;
				SWIFT_ACTIVE_COMPILATION_CONDITIONS = DEBUG;
				SWIFT_OPTIMIZATION_LEVEL = "-Onone";
			};
			name = Debug;
		};
		989F052620DD39A4008694CC /* Release */ = {
			isa = XCBuildConfiguration;
			buildSettings = {
				ALWAYS_SEARCH_USER_PATHS = NO;
				CLANG_ANALYZER_NONNULL = YES;
				CLANG_ANALYZER_NUMBER_OBJECT_CONVERSION = YES_AGGRESSIVE;
				CLANG_CXX_LANGUAGE_STANDARD = "gnu++14";
				CLANG_CXX_LIBRARY = "libc++";
				CLANG_ENABLE_MODULES = YES;
				CLANG_ENABLE_OBJC_ARC = YES;
				CLANG_ENABLE_OBJC_WEAK = YES;
				CLANG_WARN_BLOCK_CAPTURE_AUTORELEASING = YES;
				CLANG_WARN_BOOL_CONVERSION = YES;
				CLANG_WARN_COMMA = YES;
				CLANG_WARN_CONSTANT_CONVERSION = YES;
				CLANG_WARN_DEPRECATED_OBJC_IMPLEMENTATIONS = YES;
				CLANG_WARN_DIRECT_OBJC_ISA_USAGE = YES_ERROR;
				CLANG_WARN_DOCUMENTATION_COMMENTS = YES;
				CLANG_WARN_EMPTY_BODY = YES;
				CLANG_WARN_ENUM_CONVERSION = YES;
				CLANG_WARN_INFINITE_RECURSION = YES;
				CLANG_WARN_INT_CONVERSION = YES;
				CLANG_WARN_NON_LITERAL_NULL_CONVERSION = YES;
				CLANG_WARN_OBJC_IMPLICIT_RETAIN_SELF = YES;
				CLANG_WARN_OBJC_LITERAL_CONVERSION = YES;
				CLANG_WARN_OBJC_ROOT_CLASS = YES_ERROR;
				CLANG_WARN_RANGE_LOOP_ANALYSIS = YES;
				CLANG_WARN_STRICT_PROTOTYPES = YES;
				CLANG_WARN_SUSPICIOUS_MOVE = YES;
				CLANG_WARN_UNGUARDED_AVAILABILITY = YES_AGGRESSIVE;
				CLANG_WARN_UNREACHABLE_CODE = YES;
				CLANG_WARN__DUPLICATE_METHOD_MATCH = YES;
				CODE_SIGN_IDENTITY = "iPhone Developer";
				COPY_PHASE_STRIP = NO;
				DEBUG_INFORMATION_FORMAT = "dwarf-with-dsym";
				ENABLE_NS_ASSERTIONS = NO;
				ENABLE_STRICT_OBJC_MSGSEND = YES;
				GCC_C_LANGUAGE_STANDARD = gnu11;
				GCC_NO_COMMON_BLOCKS = YES;
				GCC_WARN_64_TO_32_BIT_CONVERSION = YES;
				GCC_WARN_ABOUT_RETURN_TYPE = YES_ERROR;
				GCC_WARN_UNDECLARED_SELECTOR = YES;
				GCC_WARN_UNINITIALIZED_AUTOS = YES_AGGRESSIVE;
				GCC_WARN_UNUSED_FUNCTION = YES;
				GCC_WARN_UNUSED_VARIABLE = YES;
				IPHONEOS_DEPLOYMENT_TARGET = 11.4;
				MTL_ENABLE_DEBUG_INFO = NO;
				SDKROOT = iphoneos;
				SWIFT_COMPILATION_MODE = wholemodule;
				SWIFT_OPTIMIZATION_LEVEL = "-O";
				VALIDATE_PRODUCT = YES;
			};
			name = Release;
		};
		989F052820DD39A4008694CC /* Debug */ = {
			isa = XCBuildConfiguration;
			buildSettings = {
				ASSETCATALOG_COMPILER_APPICON_NAME = AppIcon;
				CODE_SIGN_STYLE = Automatic;
				DEVELOPMENT_TEAM = CAT5B82X9C;
				INFOPLIST_FILE = RetroCalculator/Info.plist;
				IPHONEOS_DEPLOYMENT_TARGET = 18.0;
				LD_RUNPATH_SEARCH_PATHS = (
					"$(inherited)",
					"@executable_path/Frameworks",
				);
				PRODUCT_BUNDLE_IDENTIFIER = S2.RetroCalculator;
				PRODUCT_NAME = "$(TARGET_NAME)";
				SWIFT_VERSION = 4.0;
				TARGETED_DEVICE_FAMILY = "1,2";
			};
			name = Debug;
		};
		989F052920DD39A4008694CC /* Release */ = {
			isa = XCBuildConfiguration;
			buildSettings = {
				ASSETCATALOG_COMPILER_APPICON_NAME = AppIcon;
				CODE_SIGN_STYLE = Automatic;
				DEVELOPMENT_TEAM = CAT5B82X9C;
				INFOPLIST_FILE = RetroCalculator/Info.plist;
				IPHONEOS_DEPLOYMENT_TARGET = 18.0;
				LD_RUNPATH_SEARCH_PATHS = (
					"$(inherited)",
					"@executable_path/Frameworks",
				);
				PRODUCT_BUNDLE_IDENTIFIER = S2.RetroCalculator;
				PRODUCT_NAME = "$(TARGET_NAME)";
				SWIFT_VERSION = 4.0;
				TARGETED_DEVICE_FAMILY = "1,2";
			};
			name = Release;
		};
		989F052B20DD39A4008694CC /* Debug */ = {
			isa = XCBuildConfiguration;
			buildSettings = {
				ALWAYS_EMBED_SWIFT_STANDARD_LIBRARIES = YES;
				BUNDLE_LOADER = "$(TEST_HOST)";
				CODE_SIGN_STYLE = Automatic;
				DEVELOPMENT_TEAM = CAT5B82X9C;
				INFOPLIST_FILE = RetroCalculatorTests/Info.plist;
				LD_RUNPATH_SEARCH_PATHS = (
					"$(inherited)",
					"@executable_path/Frameworks",
					"@loader_path/Frameworks",
				);
				PRODUCT_BUNDLE_IDENTIFIER = S2.RetroCalculatorTests;
				PRODUCT_NAME = "$(TARGET_NAME)";
				SWIFT_VERSION = 4.0;
				TARGETED_DEVICE_FAMILY = "1,2";
				TEST_HOST = "$(BUILT_PRODUCTS_DIR)/RetroCalculator.app/RetroCalculator";
			};
			name = Debug;
		};
		989F052C20DD39A4008694CC /* Release */ = {
			isa = XCBuildConfiguration;
			buildSettings = {
				ALWAYS_EMBED_SWIFT_STANDARD_LIBRARIES = YES;
				BUNDLE_LOADER = "$(TEST_HOST)";
				CODE_SIGN_STYLE = Automatic;
				DEVELOPMENT_TEAM = CAT5B82X9C;
				INFOPLIST_FILE = RetroCalculatorTests/Info.plist;
				LD_RUNPATH_SEARCH_PATHS = (
					"$(inherited)",
					"@executable_path/Frameworks",
					"@loader_path/Frameworks",
				);
				PRODUCT_BUNDLE_IDENTIFIER = S2.RetroCalculatorTests;
				PRODUCT_NAME = "$(TARGET_NAME)";
				SWIFT_VERSION = 4.0;
				TARGETED_DEVICE_FAMILY = "1,2";
				TEST_HOST = "$(BUILT_PRODUCTS_DIR)/RetroCalculator.app/RetroCalculator";
			};
			name = Release;
		};
		989F052E20DD39A4008694CC /* Debug */ = {
			isa = XCBuildConfiguration;
			buildSettings = {
				ALWAYS_EMBED_SWIFT_STANDARD_LIBRARIES = YES;
				CODE_SIGN_STYLE = Automatic;
				DEVELOPMENT_TEAM = CAT5B82X9C;
				INFOPLIST_FILE = RetroCalculatorUITests/Info.plist;
				LD_RUNPATH_SEARCH_PATHS = (
					"$(inherited)",
					"@executable_path/Frameworks",
					"@loader_path/Frameworks",
				);
				PRODUCT_BUNDLE_IDENTIFIER = S2.RetroCalculatorUITests;
				PRODUCT_NAME = "$(TARGET_NAME)";
				SWIFT_VERSION = 4.0;
				TARGETED_DEVICE_FAMILY = "1,2";
				TEST_TARGET_NAME = RetroCalculator;
			};
			name = Debug;
		};
		989F052F20DD39A4008694CC /* Release */ = {
			isa = XCBuildConfiguration;
			buildSettings = {
				ALWAYS_EMBED_SWIFT_STANDARD_LIBRARIES = YES;
				CODE_SIGN_STYLE = Automatic;
				DEVELOPMENT_TEAM = CAT5B82X9C;
				INFOPLIST_FILE = RetroCalculatorUITests/Info.plist;
				LD_RUNPATH_SEARCH_PATHS = (
					"$(inherited)",
					"@executable_path/Frameworks",
					"@loader_path/Frameworks",
				);
				PRODUCT_BUNDLE_IDENTIFIER = S2.RetroCalculatorUITests;
				PRODUCT_NAME = "$(TARGET_NAME)";
				SWIFT_VERSION = 4.0;
				TARGETED_DEVICE_FAMILY = "1,2";
				TEST_TARGET_NAME = RetroCalculator;
			};
			name = Release;
		};
/* End XCBuildConfiguration section */

/* Begin XCConfigurationList section */
		989F04FA20DD39A3008694CC /* Build configuration list for PBXProject "RetroCalculator" */ = {
			isa = XCConfigurationList;
			buildConfigurations = (
				989F052520DD39A4008694CC /* Debug */,
				989F052620DD39A4008694CC /* Release */,
			);
			defaultConfigurationIsVisible = 0;
			defaultConfigurationName = Release;
		};
		989F052720DD39A4008694CC /* Build configuration list for PBXNativeTarget "RetroCalculator" */ = {
			isa = XCConfigurationList;
			buildConfigurations = (
				989F052820DD39A4008694CC /* Debug */,
				989F052920DD39A4008694CC /* Release */,
			);
			defaultConfigurationIsVisible = 0;
			defaultConfigurationName = Release;
		};
		989F052A20DD39A4008694CC /* Build configuration list for PBXNativeTarget "RetroCalculatorTests" */ = {
			isa = XCConfigurationList;
			buildConfigurations = (
				989F052B20DD39A4008694CC /* Debug */,
				989F052C20DD39A4008694CC /* Release */,
			);
			defaultConfigurationIsVisible = 0;
			defaultConfigurationName = Release;
		};
		989F052D20DD39A4008694CC /* Build configuration list for PBXNativeTarget "RetroCalculatorUITests" */ = {
			isa = XCConfigurationList;
			buildConfigurations = (
				989F052E20DD39A4008694CC /* Debug */,
				989F052F20DD39A4008694CC /* Release */,
			);
			defaultConfigurationIsVisible = 0;
			defaultConfigurationName = Release;
		};
/* End XCConfigurationList section */
	};
	rootObject = 989F04F720DD39A3008694CC /* Project object */;
}
